schema: '2.0'
stages:
  _check-env-main:
    cmd: calkit check environment --name main
    deps:
    - path: pyproject.toml
      hash: md5
      md5: 6a628bfed7e164c845f3e638e2b2dc35
      size: 383
    outs:
    - path: uv.lock
      hash: md5
      md5: 2279fd3dc518c2c475923e43d7c58340
      size: 352777
  _clean-nb-run-main-notebook:
    cmd: calkit nb clean "notebooks/main.ipynb"
    deps:
    - path: notebooks/main.ipynb
      hash: md5
      md5: 528a4608c25ab017804c01bf3ea21e1e
      size: 688391
    outs:
    - path: .calkit/notebooks/cleaned/notebooks/main.ipynb
      hash: md5
      md5: 700fc28e0d8bcc1c87857a8a28b4c9c7
      size: 686644
  run-main-notebook:
    cmd: calkit nb execute --environment main --no-check --language python --to 
      html "notebooks/main.ipynb"
    deps:
    - path: .calkit/notebooks/cleaned/notebooks/main.ipynb
      hash: md5
      md5: 9cbcc85508851f6d5b7393703615557a
      size: 86848
    - path: data/raw/penguins.csv
      hash: md5
      md5: 15d47d23d10f2f2f842439a2abdb771d
      size: 15010
    - path: uv.lock
      hash: md5
      md5: 2279fd3dc518c2c475923e43d7c58340
      size: 352777
    outs:
    - path: .calkit/notebooks/html/notebooks/main.html
      hash: md5
      md5: c310c4aeb628e5065796104ade3614f6
      size: 1377340
    - path: figures
      hash: md5
      md5: 278694785c9c19becd512f68cf8e98bc.dir
      size: 975134
      nfiles: 3
    - path: results/vif.json
      hash: md5
      md5: 9ef35582c9fcf229af631e7efd8d0a88
      size: 159
    - path: tables
      hash: md5
      md5: ebf039d053d96f5cce5aecfbd04d59b3.dir
      size: 964
      nfiles: 1
